
Microsoft Visual Studio Solution File, Format Version 12.00
# Visual Studio Version 16
VisualStudioVersion = 16.0.31025.194
MinimumVisualStudioVersion = 10.0.40219.1
Project("{FAE04EC0-301F-11D3-BF4B-00C04F79EFBC}") = "ProjeEczaneWeb", "ProjeEczaneWeb\ProjeEczaneWeb.csproj", "{00B48110-0266-42F6-9961-A386EF2FE58A}"
EndProject
Project("{FAE04EC0-301F-11D3-BF4B-00C04F79EFBC}") = "Proje.DataAccess", "Proje.DataAccess\Proje.DataAccess.csproj", "{6A2F495D-D861-4310-845B-1CE461A3A71D}"
EndProject
Project("{FAE04EC0-301F-11D3-BF4B-00C04F79EFBC}") = "Proje.Business", "Proje.Business\Proje.Business.csproj", "{10A7CBB0-154D-49DA-B86E-75E1DE8D25B5}"
EndProject
Global
	GlobalSection(SolutionConfigurationPlatforms) = preSolution
		Debug|Any CPU = Debug|Any CPU
		Release|Any CPU = Release|Any CPU
	EndGlobalSection
	GlobalSection(ProjectConfigurationPlatforms) = postSolution
		{00B48110-0266-42F6-9961-A386EF2FE58A}.Debug|Any CPU.ActiveCfg = Debug|Any CPU
		{00B48110-0266-42F6-9961-A386EF2FE58A}.Debug|Any CPU.Build.0 = Debug|Any CPU
		{00B48110-0266-42F6-9961-A386EF2FE58A}.Release|Any CPU.ActiveCfg = Release|Any CPU
		{00B48110-0266-42F6-9961-A386EF2FE58A}.Release|Any CPU.Build.0 = Release|Any CPU
		{6A2F495D-D861-4310-845B-1CE461A3A71D}.Debug|Any CPU.ActiveCfg = Debug|Any CPU
		{6A2F495D-D861-4310-845B-1CE461A3A71D}.Debug|Any CPU.Build.0 = Debug|Any CPU
		{6A2F495D-D861-4310-845B-1CE461A3A71D}.Release|Any CPU.ActiveCfg = Release|Any CPU
		{6A2F495D-D861-4310-845B-1CE461A3A71D}.Release|Any CPU.Build.0 = Release|Any CPU
		{10A7CBB0-154D-49DA-B86E-75E1DE8D25B5}.Debug|Any CPU.ActiveCfg = Debug|Any CPU
		{10A7CBB0-154D-49DA-B86E-75E1DE8D25B5}.Debug|Any CPU.Build.0 = Debug|Any CPU
		{10A7CBB0-154D-49DA-B86E-75E1DE8D25B5}.Release|Any CPU.ActiveCfg = Release|Any CPU
		{10A7CBB0-154D-49DA-B86E-75E1DE8D25B5}.Release|Any CPU.Build.0 = Release|Any CPU
	EndGlobalSection
	GlobalSection(SolutionProperties) = preSolution
		HideSolutionNode = FALSE
	EndGlobalSection
	GlobalSection(ExtensibilityGlobals) = postSolution
		SolutionGuid = {3EB36398-D7F9-4F5D-BA8F-3203F2F16ECC}
	EndGlobalSection
EndGlobal
